PODS:
  - Charts (3.6.0):
    - Charts/Core (= 3.6.0)
  - Charts/Core (3.6.0)
  - Realm (10.11.0):
    - Realm/Headers (= 10.11.0)
  - Realm/Headers (10.11.0)
  - RealmSwift (10.11.0):
    - Realm (= 10.11.0)

DEPENDENCIES:
  - Charts
  - RealmSwift (= 10.11.0)

SPEC REPOS:
  trunk:
    - Charts
    - Realm
    - RealmSwift

SPEC CHECKSUMS:
  Charts: b1e3a1f5a1c9ba5394438ca3b91bd8c9076310af
  Realm: 39ff23f0f709cd4ed93eb47ee6593c2158945b38
  RealmSwift: 42713e09a8631070d6c12c3c5fb22b8edc1daa41

PODFILE CHECKSUM: 3ee3ff7e624a5eaef9650b173c06b358f0412360

COCOAPODS: 1.11.0
